Microsoft Visual Studio Solution File, Format Version 8.00
Project("{6021F4C0-62D6-4BDA-8A89-4D7F5EB4B402}") = "python", "python.Pythonproj", "{1956F919-EFB5-47D1-8AC4-2F231E3ACB21}"
	ProjectSection(ProjectDependencies) = postProject
	EndProjectSection
EndProject
Global
	GlobalSection(SourceCodeControl) = preSolution
		SccNumberOfProjects = 1
		SccProjectUniqueName0 = python.Pythonproj
		SccProjectName0 = Perforce\u0020Project
		SccLocalPath0 = .
		SccProvider0 = MSSCCI:Perforce\u0020SCM
		CanCheckoutShared = true
	EndGlobalSection
	GlobalSection(SolutionConfiguration) = preSolution
		Debug = Debug
		Release = Release
	EndGlobalSection
	GlobalSection(ProjectConfiguration) = postSolution
		{1956F919-EFB5-47D1-8AC4-2F231E3ACB21}.Debug.ActiveCfg = Debug
		{1956F919-EFB5-47D1-8AC4-2F231E3ACB21}.Release.ActiveCfg = Release
	EndGlobalSection
	GlobalSection(ExtensibilityGlobals) = postSolution
	EndGlobalSection
	GlobalSection(ExtensibilityAddIns) = postSolution
	EndGlobalSection
EndGlobal
